
Microsoft Visual Studio Solution File, Format Version 12.00
# Visual Studio Version 17
VisualStudioVersion = 17.3.32922.545
MinimumVisualStudioVersion = 10.0.40219.1
Project("{2150E333-8FDC-42A3-9474-1A3956D46DE8}") = "src", "src", "{5F19CC70-571A-4D1D-B444-2DADB2A05CB7}"
EndProject
Project("{FAE04EC0-301F-11D3-BF4B-00C04F79EFBC}") = "D3.DataStructure", "src\D3.DataStructure\D3.DataStructure.csproj", "{8328768C-8F5F-494B-A815-B345BA26EE23}"
EndProject
Project("{2150E333-8FDC-42A3-9474-1A3956D46DE8}") = "test", "test", "{C5768B12-CB33-4B82-992C-FD74E05884C6}"
EndProject
Project("{FAE04EC0-301F-11D3-BF4B-00C04F79EFBC}") = "D3.DataStructure.Test", "test\D3.DataStructure.Test\D3.DataStructure.Test.csproj", "{43C3277F-0BA1-46BE-8FCB-452D026768BE}"
EndProject
Global
	GlobalSection(SolutionConfigurationPlatforms) = preSolution
		Debug|Any CPU = Debug|Any CPU
		Release|Any CPU = Release|Any CPU
	EndGlobalSection
	GlobalSection(ProjectConfigurationPlatforms) = postSolution
		{8328768C-8F5F-494B-A815-B345BA26EE23}.Debug|Any CPU.ActiveCfg = Debug|Any CPU
		{8328768C-8F5F-494B-A815-B345BA26EE23}.Debug|Any CPU.Build.0 = Debug|Any CPU
		{8328768C-8F5F-494B-A815-B345BA26EE23}.Release|Any CPU.ActiveCfg = Release|Any CPU
		{8328768C-8F5F-494B-A815-B345BA26EE23}.Release|Any CPU.Build.0 = Release|Any CPU
		{43C3277F-0BA1-46BE-8FCB-452D026768BE}.Debug|Any CPU.ActiveCfg = Debug|Any CPU
		{43C3277F-0BA1-46BE-8FCB-452D026768BE}.Debug|Any CPU.Build.0 = Debug|Any CPU
		{43C3277F-0BA1-46BE-8FCB-452D026768BE}.Release|Any CPU.ActiveCfg = Release|Any CPU
		{43C3277F-0BA1-46BE-8FCB-452D026768BE}.Release|Any CPU.Build.0 = Release|Any CPU
	EndGlobalSection
	GlobalSection(SolutionProperties) = preSolution
		HideSolutionNode = FALSE
	EndGlobalSection
	GlobalSection(NestedProjects) = preSolution
		{8328768C-8F5F-494B-A815-B345BA26EE23} = {5F19CC70-571A-4D1D-B444-2DADB2A05CB7}
		{43C3277F-0BA1-46BE-8FCB-452D026768BE} = {C5768B12-CB33-4B82-992C-FD74E05884C6}
	EndGlobalSection
	GlobalSection(ExtensibilityGlobals) = postSolution
		SolutionGuid = {2259716E-5898-427E-99B5-DDEC0BFBBB12}
	EndGlobalSection
EndGlobal
